
Microsoft Visual Studio Solution File, Format Version 12.00
Project("{FAE04EC0-301F-11D3-BF4B-00C04F79EFBC}") = "FamilyDocumentRepo", "FamilyDocumentRepo\FamilyDocumentRepo.csproj", "{E932463C-D516-4A5A-AD6B-A15E55DF762D}"
EndProject
Global
	GlobalSection(SolutionConfigurationPlatforms) = preSolution
		Debug|Any CPU = Debug|Any CPU
		Release|Any CPU = Release|Any CPU
	EndGlobalSection
	GlobalSection(ProjectConfigurationPlatforms) = postSolution
		{E932463C-D516-4A5A-AD6B-A15E55DF762D}.Debug|Any CPU.ActiveCfg = Debug|Any CPU
		{E932463C-D516-4A5A-AD6B-A15E55DF762D}.Debug|Any CPU.Build.0 = Debug|Any CPU
		{E932463C-D516-4A5A-AD6B-A15E55DF762D}.Release|Any CPU.ActiveCfg = Release|Any CPU
		{E932463C-D516-4A5A-AD6B-A15E55DF762D}.Release|Any CPU.Build.0 = Release|Any CPU
	EndGlobalSection
EndGlobal
